
Microsoft Visual Studio Solution File, Format Version 12.00
# Visual Studio 15
VisualStudioVersion = 15.0.28307.960
MinimumVisualStudioVersion = 10.0.40219.1
Project("{FAE04EC0-301F-11D3-BF4B-00C04F79EFBC}") = "Senai.WebApi.InLock", "Senai.WebApi.InLock\Senai.WebApi.InLock.csproj", "{D6ED3F32-F013-475A-A943-F3D6D25042A7}"
EndProject
Global
	GlobalSection(SolutionConfigurationPlatforms) = preSolution
		Debug|Any CPU = Debug|Any CPU
		Release|Any CPU = Release|Any CPU
	EndGlobalSection
	GlobalSection(ProjectConfigurationPlatforms) = postSolution
		{D6ED3F32-F013-475A-A943-F3D6D25042A7}.Debug|Any CPU.ActiveCfg = Debug|Any CPU
		{D6ED3F32-F013-475A-A943-F3D6D25042A7}.Debug|Any CPU.Build.0 = Debug|Any CPU
		{D6ED3F32-F013-475A-A943-F3D6D25042A7}.Release|Any CPU.ActiveCfg = Release|Any CPU
		{D6ED3F32-F013-475A-A943-F3D6D25042A7}.Release|Any CPU.Build.0 = Release|Any CPU
	EndGlobalSection
	GlobalSection(SolutionProperties) = preSolution
		HideSolutionNode = FALSE
	EndGlobalSection
	GlobalSection(ExtensibilityGlobals) = postSolution
		SolutionGuid = {9447E90F-C780-4A31-8868-00FD2F89D619}
	EndGlobalSection
EndGlobal
